
Microsoft Visual Studio Solution File, Format Version 12.00
# Visual Studio Version 16
VisualStudioVersion = 16.0.30114.105
MinimumVisualStudioVersion = 10.0.40219.1
Project("{FAE04EC0-301F-11D3-BF4B-00C04F79EFBC}") = "CollectionReader", "CollectionReader\CollectionReader.csproj", "{F37C10D1-98F1-4A30-9239-1A0E82E34EC5}"
EndProject
Project("{FAE04EC0-301F-11D3-BF4B-00C04F79EFBC}") = "Schemas", "Schemas\Schemas.csproj", "{9790CE90-0D9D-4CC3-A46E-E6254A4164BD}"
EndProject
Project("{2150E333-8FDC-42A3-9474-1A3956D46DE8}") = "CLI", "CLI", "{B47A429F-15A3-4B49-B9E2-55BB6830B45A}"
EndProject
Project("{FAE04EC0-301F-11D3-BF4B-00C04F79EFBC}") = "TestConsole", "CLI\TestConsole\TestConsole.csproj", "{3E96162D-F3B8-4E25-88B9-7A29D1F6409E}"
EndProject
Project("{FAE04EC0-301F-11D3-BF4B-00C04F79EFBC}") = "AnkiCollectionToCsv", "CLI\AnkiCollectionToCsv\AnkiCollectionToCsv.csproj", "{6ECB9BD6-769B-4192-B13F-26B80CF2F8C3}"
EndProject
Global
	GlobalSection(SolutionConfigurationPlatforms) = preSolution
		Debug|Any CPU = Debug|Any CPU
		Debug|x64 = Debug|x64
		Debug|x86 = Debug|x86
		Release|Any CPU = Release|Any CPU
		Release|x64 = Release|x64
		Release|x86 = Release|x86
	EndGlobalSection
	GlobalSection(SolutionProperties) = preSolution
		HideSolutionNode = FALSE
	EndGlobalSection
	GlobalSection(ProjectConfigurationPlatforms) = postSolution
		{F37C10D1-98F1-4A30-9239-1A0E82E34EC5}.Debug|Any CPU.ActiveCfg = Debug|Any CPU
		{F37C10D1-98F1-4A30-9239-1A0E82E34EC5}.Debug|Any CPU.Build.0 = Debug|Any CPU
		{F37C10D1-98F1-4A30-9239-1A0E82E34EC5}.Debug|x64.ActiveCfg = Debug|Any CPU
		{F37C10D1-98F1-4A30-9239-1A0E82E34EC5}.Debug|x64.Build.0 = Debug|Any CPU
		{F37C10D1-98F1-4A30-9239-1A0E82E34EC5}.Debug|x86.ActiveCfg = Debug|Any CPU
		{F37C10D1-98F1-4A30-9239-1A0E82E34EC5}.Debug|x86.Build.0 = Debug|Any CPU
		{F37C10D1-98F1-4A30-9239-1A0E82E34EC5}.Release|Any CPU.ActiveCfg = Release|Any CPU
		{F37C10D1-98F1-4A30-9239-1A0E82E34EC5}.Release|Any CPU.Build.0 = Release|Any CPU
		{F37C10D1-98F1-4A30-9239-1A0E82E34EC5}.Release|x64.ActiveCfg = Release|Any CPU
		{F37C10D1-98F1-4A30-9239-1A0E82E34EC5}.Release|x64.Build.0 = Release|Any CPU
		{F37C10D1-98F1-4A30-9239-1A0E82E34EC5}.Release|x86.ActiveCfg = Release|Any CPU
		{F37C10D1-98F1-4A30-9239-1A0E82E34EC5}.Release|x86.Build.0 = Release|Any CPU
		{9790CE90-0D9D-4CC3-A46E-E6254A4164BD}.Debug|Any CPU.ActiveCfg = Debug|Any CPU
		{9790CE90-0D9D-4CC3-A46E-E6254A4164BD}.Debug|Any CPU.Build.0 = Debug|Any CPU
		{9790CE90-0D9D-4CC3-A46E-E6254A4164BD}.Debug|x64.ActiveCfg = Debug|Any CPU
		{9790CE90-0D9D-4CC3-A46E-E6254A4164BD}.Debug|x64.Build.0 = Debug|Any CPU
		{9790CE90-0D9D-4CC3-A46E-E6254A4164BD}.Debug|x86.ActiveCfg = Debug|Any CPU
		{9790CE90-0D9D-4CC3-A46E-E6254A4164BD}.Debug|x86.Build.0 = Debug|Any CPU
		{9790CE90-0D9D-4CC3-A46E-E6254A4164BD}.Release|Any CPU.ActiveCfg = Release|Any CPU
		{9790CE90-0D9D-4CC3-A46E-E6254A4164BD}.Release|Any CPU.Build.0 = Release|Any CPU
		{9790CE90-0D9D-4CC3-A46E-E6254A4164BD}.Release|x64.ActiveCfg = Release|Any CPU
		{9790CE90-0D9D-4CC3-A46E-E6254A4164BD}.Release|x64.Build.0 = Release|Any CPU
		{9790CE90-0D9D-4CC3-A46E-E6254A4164BD}.Release|x86.ActiveCfg = Release|Any CPU
		{9790CE90-0D9D-4CC3-A46E-E6254A4164BD}.Release|x86.Build.0 = Release|Any CPU
		{3E96162D-F3B8-4E25-88B9-7A29D1F6409E}.Debug|Any CPU.ActiveCfg = Debug|Any CPU
		{3E96162D-F3B8-4E25-88B9-7A29D1F6409E}.Debug|Any CPU.Build.0 = Debug|Any CPU
		{3E96162D-F3B8-4E25-88B9-7A29D1F6409E}.Debug|x64.ActiveCfg = Debug|Any CPU
		{3E96162D-F3B8-4E25-88B9-7A29D1F6409E}.Debug|x64.Build.0 = Debug|Any CPU
		{3E96162D-F3B8-4E25-88B9-7A29D1F6409E}.Debug|x86.ActiveCfg = Debug|Any CPU
		{3E96162D-F3B8-4E25-88B9-7A29D1F6409E}.Debug|x86.Build.0 = Debug|Any CPU
		{3E96162D-F3B8-4E25-88B9-7A29D1F6409E}.Release|Any CPU.ActiveCfg = Release|Any CPU
		{3E96162D-F3B8-4E25-88B9-7A29D1F6409E}.Release|Any CPU.Build.0 = Release|Any CPU
		{3E96162D-F3B8-4E25-88B9-7A29D1F6409E}.Release|x64.ActiveCfg = Release|Any CPU
		{3E96162D-F3B8-4E25-88B9-7A29D1F6409E}.Release|x64.Build.0 = Release|Any CPU
		{3E96162D-F3B8-4E25-88B9-7A29D1F6409E}.Release|x86.ActiveCfg = Release|Any CPU
		{3E96162D-F3B8-4E25-88B9-7A29D1F6409E}.Release|x86.Build.0 = Release|Any CPU
		{6ECB9BD6-769B-4192-B13F-26B80CF2F8C3}.Debug|Any CPU.ActiveCfg = Debug|Any CPU
		{6ECB9BD6-769B-4192-B13F-26B80CF2F8C3}.Debug|Any CPU.Build.0 = Debug|Any CPU
		{6ECB9BD6-769B-4192-B13F-26B80CF2F8C3}.Debug|x64.ActiveCfg = Debug|Any CPU
		{6ECB9BD6-769B-4192-B13F-26B80CF2F8C3}.Debug|x64.Build.0 = Debug|Any CPU
		{6ECB9BD6-769B-4192-B13F-26B80CF2F8C3}.Debug|x86.ActiveCfg = Debug|Any CPU
		{6ECB9BD6-769B-4192-B13F-26B80CF2F8C3}.Debug|x86.Build.0 = Debug|Any CPU
		{6ECB9BD6-769B-4192-B13F-26B80CF2F8C3}.Release|Any CPU.ActiveCfg = Release|Any CPU
		{6ECB9BD6-769B-4192-B13F-26B80CF2F8C3}.Release|Any CPU.Build.0 = Release|Any CPU
		{6ECB9BD6-769B-4192-B13F-26B80CF2F8C3}.Release|x64.ActiveCfg = Release|Any CPU
		{6ECB9BD6-769B-4192-B13F-26B80CF2F8C3}.Release|x64.Build.0 = Release|Any CPU
		{6ECB9BD6-769B-4192-B13F-26B80CF2F8C3}.Release|x86.ActiveCfg = Release|Any CPU
		{6ECB9BD6-769B-4192-B13F-26B80CF2F8C3}.Release|x86.Build.0 = Release|Any CPU
	EndGlobalSection
	GlobalSection(NestedProjects) = preSolution
		{3E96162D-F3B8-4E25-88B9-7A29D1F6409E} = {B47A429F-15A3-4B49-B9E2-55BB6830B45A}
		{6ECB9BD6-769B-4192-B13F-26B80CF2F8C3} = {B47A429F-15A3-4B49-B9E2-55BB6830B45A}
	EndGlobalSection
EndGlobal
